// !$*UTF8*$!
{
	archiveVersion = 1;
	classes = {
	};
	objectVersion = 50;
	objects = {

/* Begin PBXBuildFile section */
		047325D9DF886877A66F12DD /* Pods_iGithubUITests.framework in Frameworks */ = {isa = PBXBuildFile; fileRef = 87FFDBA5C929C63CD2A12DB7 /* Pods_iGithubUITests.framework */; };
		36242BDC21E4B10200CBAE0A /* TDWDropDownMenu.swift in Sources */ = {isa = PBXBuildFile; fileRef = 36242BDB21E4B10200CBAE0A /* TDWDropDownMenu.swift */; };
		3637745A21EDD55F00B7590C /* UINavigationController+AOP.swift in Sources */ = {isa = PBXBuildFile; fileRef = 3637745921EDD55F00B7590C /* UINavigationController+AOP.swift */; };
		3637745C21EDD74C00B7590C /* NSObject+AOP.swift in Sources */ = {isa = PBXBuildFile; fileRef = 3637745B21EDD74C00B7590C /* NSObject+AOP.swift */; };
		36417FA421E5CEC3007D2DB3 /* SelectedView.swift in Sources */ = {isa = PBXBuildFile; fileRef = 36417FA321E5CEC3007D2DB3 /* SelectedView.swift */; };
		36417FA621E5CED8007D2DB3 /* SelectedView.xib in Resources */ = {isa = PBXBuildFile; fileRef = 36417FA521E5CED8007D2DB3 /* SelectedView.xib */; };
		36417FAA21E5FF4F007D2DB3 /* RepoViewController.swift in Sources */ = {isa = PBXBuildFile; fileRef = 36417FA921E5FF4F007D2DB3 /* RepoViewController.swift */; };
		364BAA5E21EF33BA00E5C676 /* ProfileProtocol.swift in Sources */ = {isa = PBXBuildFile; fileRef = 364BAA5D21EF33BA00E5C676 /* ProfileProtocol.swift */; };
		364BAA6021F01A3000E5C676 /* MeApi.swift in Sources */ = {isa = PBXBuildFile; fileRef = 364BAA5F21F01A3000E5C676 /* MeApi.swift */; };
		364BAA6221F01B1B00E5C676 /* MeReposViewController.swift in Sources */ = {isa = PBXBuildFile; fileRef = 364BAA6121F01B1B00E5C676 /* MeReposViewController.swift */; };
		364BAA6421F01CB900E5C676 /* MeReposViewModel.swift in Sources */ = {isa = PBXBuildFile; fileRef = 364BAA6321F01CB900E5C676 /* MeReposViewModel.swift */; };
		3654BED821E2EDAA00694BAA /* UIImage+Round.swift in Sources */ = {isa = PBXBuildFile; fileRef = 3654BED721E2EDAA00694BAA /* UIImage+Round.swift */; };
		3655EB7F21E879AD0048DC99 /* TrendingCell.swift in Sources */ = {isa = PBXBuildFile; fileRef = 3655EB7D21E879AD0048DC99 /* TrendingCell.swift */; };
		3655EB8021E879AD0048DC99 /* TrendingCell.xib in Resources */ = {isa = PBXBuildFile; fileRef = 3655EB7E21E879AD0048DC99 /* TrendingCell.xib */; };
		365DC7CE21EF063000213747 /* ProfileCell.swift in Sources */ = {isa = PBXBuildFile; fileRef = 365DC7CC21EF063000213747 /* ProfileCell.swift */; };
		365DC7CF21EF063000213747 /* ProfileCell.xib in Resources */ = {isa = PBXBuildFile; fileRef = 365DC7CD21EF063000213747 /* ProfileCell.xib */; };
		365DC7D221EF083A00213747 /* ProfileViewModel.swift in Sources */ = {isa = PBXBuildFile; fileRef = 365DC7D121EF083A00213747 /* ProfileViewModel.swift */; };
		365DC7D521EF0B3900213747 /* ProfileItem.swift in Sources */ = {isa = PBXBuildFile; fileRef = 365DC7D421EF0B3900213747 /* ProfileItem.swift */; };
		365DC7D721EF2DE000213747 /* MeTableFooterView.swift in Sources */ = {isa = PBXBuildFile; fileRef = 365DC7D621EF2DE000213747 /* MeTableFooterView.swift */; };
		365DC7D921EF2DEE00213747 /* MeTableFooterView.xib in Resources */ = {isa = PBXBuildFile; fileRef = 365DC7D821EF2DEE00213747 /* MeTableFooterView.xib */; };
		3660B7FE21E7848800A83BF8 /* Constant.swift in Sources */ = {isa = PBXBuildFile; fileRef = 3660B7FD21E7848800A83BF8 /* Constant.swift */; };
		3676371B21EC916D000C7C3F /* MeTableHeaderView.swift in Sources */ = {isa = PBXBuildFile; fileRef = 3676371A21EC916D000C7C3F /* MeTableHeaderView.swift */; };
		3676371D21EC91A1000C7C3F /* MeTableHeaderView.xib in Resources */ = {isa = PBXBuildFile; fileRef = 3676371C21EC91A1000C7C3F /* MeTableHeaderView.xib */; };
		368460FB21DF401900AFF626 /* Network.swift in Sources */ = {isa = PBXBuildFile; fileRef = 368460FA21DF401900AFF626 /* Network.swift */; };
		368460FF21DF407B00AFF626 /* GithubTarget.swift in Sources */ = {isa = PBXBuildFile; fileRef = 368460FE21DF407B00AFF626 /* GithubTarget.swift */; };
		3684610321E0594900AFF626 /* ActivityListCell.swift in Sources */ = {isa = PBXBuildFile; fileRef = 3684610121E0594900AFF626 /* ActivityListCell.swift */; };
		3684610421E0594900AFF626 /* ActivityListCell.xib in Resources */ = {isa = PBXBuildFile; fileRef = 3684610221E0594900AFF626 /* ActivityListCell.xib */; };
		3684610921E0619900AFF626 /* UITableView+nib.swift in Sources */ = {isa = PBXBuildFile; fileRef = 3684610821E0619900AFF626 /* UITableView+nib.swift */; };
		3684610C21E081CA00AFF626 /* UIColor+Extension.swift in Sources */ = {isa = PBXBuildFile; fileRef = 3684610B21E081CA00AFF626 /* UIColor+Extension.swift */; };
		3684610F21E0835900AFF626 /* Namespace.swift in Sources */ = {isa = PBXBuildFile; fileRef = 3684610E21E0835900AFF626 /* Namespace.swift */; };
		3684611221E0866200AFF626 /* UIView+Extension.swift in Sources */ = {isa = PBXBuildFile; fileRef = 3684611121E0866200AFF626 /* UIView+Extension.swift */; };
		3684611421E0872800AFF626 /* ActivityCellViewModel.swift in Sources */ = {isa = PBXBuildFile; fileRef = 3684611321E0872800AFF626 /* ActivityCellViewModel.swift */; };
		368A5AF921E36789002B5F48 /* String+Extension.swift in Sources */ = {isa = PBXBuildFile; fileRef = 368A5AF821E36789002B5F48 /* String+Extension.swift */; };
		368A5AFC21E367FA002B5F48 /* Date+Extension.swift in Sources */ = {isa = PBXBuildFile; fileRef = 368A5AFB21E367FA002B5F48 /* Date+Extension.swift */; };
		368A5AFF21E44670002B5F48 /* NetworkLogPlugin.swift in Sources */ = {isa = PBXBuildFile; fileRef = 368A5AFE21E44670002B5F48 /* NetworkLogPlugin.swift */; };
		368E4F6621E744E100EAA132 /* TrendingViewController.swift in Sources */ = {isa = PBXBuildFile; fileRef = 368E4F6521E744E100EAA132 /* TrendingViewController.swift */; };
		368E4F6821E7450D00EAA132 /* PopularViewController.swift in Sources */ = {isa = PBXBuildFile; fileRef = 368E4F6721E7450D00EAA132 /* PopularViewController.swift */; };
		3697D85D21F073800066F0A1 /* FollowCell.swift in Sources */ = {isa = PBXBuildFile; fileRef = 3697D85B21F073800066F0A1 /* FollowCell.swift */; };
		3697D85E21F073800066F0A1 /* FollowCell.xib in Resources */ = {isa = PBXBuildFile; fileRef = 3697D85C21F073800066F0A1 /* FollowCell.xib */; };
		3697D86121F079FD0066F0A1 /* UIImageView+Kingfisher.swift in Sources */ = {isa = PBXBuildFile; fileRef = 3697D86021F079FD0066F0A1 /* UIImageView+Kingfisher.swift */; };
		3697D86321F07D210066F0A1 /* FollowUser.swift in Sources */ = {isa = PBXBuildFile; fileRef = 3697D86221F07D210066F0A1 /* FollowUser.swift */; };
		3697D86521F080310066F0A1 /* FollowersViewModel.swift in Sources */ = {isa = PBXBuildFile; fileRef = 3697D86421F080310066F0A1 /* FollowersViewModel.swift */; };
		3697D86721F0846D0066F0A1 /* MeFollowersViewController.swift in Sources */ = {isa = PBXBuildFile; fileRef = 3697D86621F0846D0066F0A1 /* MeFollowersViewController.swift */; };
		3697D86921F0885A0066F0A1 /* MeFollowingViewController.swift in Sources */ = {isa = PBXBuildFile; fileRef = 3697D86821F0885A0066F0A1 /* MeFollowingViewController.swift */; };
		3697D86B21F0888C0066F0A1 /* FollowingViewModel.swift in Sources */ = {isa = PBXBuildFile; fileRef = 3697D86A21F0888C0066F0A1 /* FollowingViewModel.swift */; };
		3697D86D21F0895D0066F0A1 /* FollowUserViewModel.swift in Sources */ = {isa = PBXBuildFile; fileRef = 3697D86C21F0895D0066F0A1 /* FollowUserViewModel.swift */; };
		3697D87021F16B3F0066F0A1 /* UIWindow+Memory.swift in Sources */ = {isa = PBXBuildFile; fileRef = 3697D86F21F16B3F0066F0A1 /* UIWindow+Memory.swift */; };
		3697D87221F1709D0066F0A1 /* UIViewController+AOP.swift in Sources */ = {isa = PBXBuildFile; fileRef = 3697D87121F1709D0066F0A1 /* UIViewController+AOP.swift */; };
		3697D87421F175EB0066F0A1 /* AOP.swift in Sources */ = {isa = PBXBuildFile; fileRef = 3697D87321F175EB0066F0A1 /* AOP.swift */; };
		3697D87621F185D40066F0A1 /* UIView+HUD.swift in Sources */ = {isa = PBXBuildFile; fileRef = 3697D87521F185D40066F0A1 /* UIView+HUD.swift */; };
		3697F32621E6E2FD00E2E7A5 /* IWebViewController.swift in Sources */ = {isa = PBXBuildFile; fileRef = 3697F32521E6E2FD00E2E7A5 /* IWebViewController.swift */; };
		36A0CC1421E47B3D00A63571 /* UIColor+UIHelper.swift in Sources */ = {isa = PBXBuildFile; fileRef = 36A0CC1321E47B3D00A63571 /* UIColor+UIHelper.swift */; };
		36A0CC1921E493B700A63571 /* HotApi.swift in Sources */ = {isa = PBXBuildFile; fileRef = 36A0CC1821E493B700A63571 /* HotApi.swift */; };
		36A3002621E8E645008D291D /* AuthApi.swift in Sources */ = {isa = PBXBuildFile; fileRef = 36A3002521E8E645008D291D /* AuthApi.swift */; };
		36A3002B21EC2DC7008D291D /* LoginViewController.swift in Sources */ = {isa = PBXBuildFile; fileRef = 36A3002921EC2DC7008D291D /* LoginViewController.swift */; };
		36A3002C21EC2DC7008D291D /* LoginViewController.xib in Resources */ = {isa = PBXBuildFile; fileRef = 36A3002A21EC2DC7008D291D /* LoginViewController.xib */; };
		36A3002F21EC3652008D291D /* UserManager.swift in Sources */ = {isa = PBXBuildFile; fileRef = 36A3002E21EC3652008D291D /* UserManager.swift */; };
		36A3003321EC36A3008D291D /* User.swift in Sources */ = {isa = PBXBuildFile; fileRef = 36A3003221EC36A3008D291D /* User.swift */; };
		36A3003521EC3D2E008D291D /* AuthManager.swift in Sources */ = {isa = PBXBuildFile; fileRef = 36A3003421EC3D2E008D291D /* AuthManager.swift */; };
		36A3003721EC6E5B008D291D /* LoginViewModel.swift in Sources */ = {isa = PBXBuildFile; fileRef = 36A3003621EC6E5B008D291D /* LoginViewModel.swift */; };
		36A3003A21EC72C3008D291D /* MeViewController.swift in Sources */ = {isa = PBXBuildFile; fileRef = 36A3003821EC72C3008D291D /* MeViewController.swift */; };
		36A3003B21EC72C3008D291D /* MeViewController.xib in Resources */ = {isa = PBXBuildFile; fileRef = 36A3003921EC72C3008D291D /* MeViewController.xib */; };
		36AE691E21DDB23B00C9A656 /* AppDelegate.swift in Sources */ = {isa = PBXBuildFile; fileRef = 36AE691D21DDB23B00C9A656 /* AppDelegate.swift */; };
		36AE692321DDB23B00C9A656 /* Main.storyboard in Resources */ = {isa = PBXBuildFile; fileRef = 36AE692121DDB23B00C9A656 /* Main.storyboard */; };
		36AE692521DDB23D00C9A656 /* Assets.xcassets in Resources */ = {isa = PBXBuildFile; fileRef = 36AE692421DDB23D00C9A656 /* Assets.xcassets */; };
		36AE692821DDB23D00C9A656 /* LaunchScreen.storyboard in Resources */ = {isa = PBXBuildFile; fileRef = 36AE692621DDB23D00C9A656 /* LaunchScreen.storyboard */; };
		36AE693321DDB23D00C9A656 /* iGithubTests.swift in Sources */ = {isa = PBXBuildFile; fileRef = 36AE693221DDB23D00C9A656 /* iGithubTests.swift */; };
		36AE693E21DDB23D00C9A656 /* iGithubUITests.swift in Sources */ = {isa = PBXBuildFile; fileRef = 36AE693D21DDB23D00C9A656 /* iGithubUITests.swift */; };
		36AE695021DDB2B700C9A656 /* TabbarController.swift in Sources */ = {isa = PBXBuildFile; fileRef = 36AE694F21DDB2B700C9A656 /* TabbarController.swift */; };
		36AE695521DDBEAA00C9A656 /* ActivityViewController.swift in Sources */ = {isa = PBXBuildFile; fileRef = 36AE695421DDBEAA00C9A656 /* ActivityViewController.swift */; };
		36C9806821E8C3BA0022F2F8 /* TrendingRepo.swift in Sources */ = {isa = PBXBuildFile; fileRef = 36C9806721E8C3BA0022F2F8 /* TrendingRepo.swift */; };
		36C9806A21E8C8830022F2F8 /* TrendingViewModel.swift in Sources */ = {isa = PBXBuildFile; fileRef = 36C9806921E8C8830022F2F8 /* TrendingViewModel.swift */; };
		36C9806C21E8C8BE0022F2F8 /* TrendingCellViewModel.swift in Sources */ = {isa = PBXBuildFile; fileRef = 36C9806B21E8C8BE0022F2F8 /* TrendingCellViewModel.swift */; };
		5568BB79ADEA8308EFCC047E /* Pods_iGithub.framework in Frameworks */ = {isa = PBXBuildFile; fileRef = D1368C1448485AE8CDB4C9F5 /* Pods_iGithub.framework */; };
		8836180721E4F2C500715D80 /* PopularCell.xib in Resources */ = {isa = PBXBuildFile; fileRef = 883617FF21E4F2C500715D80 /* PopularCell.xib */; };
		8836180821E4F2C500715D80 /* PopularCell.swift in Sources */ = {isa = PBXBuildFile; fileRef = 8836180021E4F2C500715D80 /* PopularCell.swift */; };
		8836180921E4F2C500715D80 /* Repo.swift in Sources */ = {isa = PBXBuildFile; fileRef = 8836180221E4F2C500715D80 /* Repo.swift */; };
		8836180A21E4F2C500715D80 /* HotViewController.swift in Sources */ = {isa = PBXBuildFile; fileRef = 8836180421E4F2C500715D80 /* HotViewController.swift */; };
		8836180B21E4F2C500715D80 /* PopularViewModel.swift in Sources */ = {isa = PBXBuildFile; fileRef = 8836180621E4F2C500715D80 /* PopularViewModel.swift */; };
		8836180D21E4F3A500715D80 /* PopularItemViewModel.swift in Sources */ = {isa = PBXBuildFile; fileRef = 8836180C21E4F3A500715D80 /* PopularItemViewModel.swift */; };
		88C63BF421DF9E410027FF47 /* ActivityViewModel.swift in Sources */ = {isa = PBXBuildFile; fileRef = 88C63BF321DF9E410027FF47 /* ActivityViewModel.swift */; };
		88C63BF621DF9EC00027FF47 /* ActivityApi.swift in Sources */ = {isa = PBXBuildFile; fileRef = 88C63BF521DF9EC00027FF47 /* ActivityApi.swift */; };
		88C63BF921DFA30C0027FF47 /* Activity.swift in Sources */ = {isa = PBXBuildFile; fileRef = 88C63BF821DFA30C0027FF47 /* Activity.swift */; };
		88C63BFD21DFAA4E0027FF47 /* MoyaResponse+HandyJSON.swift in Sources */ = {isa = PBXBuildFile; fileRef = 88C63BFC21DFAA4E0027FF47 /* MoyaResponse+HandyJSON.swift */; };
		9E41414319D6E290D933A91F /* Pods_iGithubTests.framework in Frameworks */ = {isa = PBXBuildFile; fileRef = A3A3A8211F1EB20EEB55F692 /* Pods_iGithubTests.framework */; };
/* End PBXBuildFile section */

/* Begin PBXContainerItemProxy section */
		36AE692F21DDB23D00C9A656 /* PBXContainerItemProxy */ = {
			isa = PBXContainerItemProxy;
			containerPortal = 36AE691221DDB23B00C9A656 /* Project object */;
			proxyType = 1;
			remoteGlobalIDString = 36AE691921DDB23B00C9A656;
			remoteInfo = iGithub;
		};
		36AE693A21DDB23D00C9A656 /* PBXContainerItemProxy */ = {
			isa = PBXContainerItemProxy;
			containerPortal = 36AE691221DDB23B00C9A656 /* Project object */;
			proxyType = 1;
			remoteGlobalIDString = 36AE691921DDB23B00C9A656;
			remoteInfo = iGithub;
		};
/* End PBXContainerItemProxy section */

/* Begin PBXFileReference section */
		0DD8075AA15875B820E6AD22 /* Pods-iGithubUITests.debug.xcconfig */ = {isa = PBXFileReference; includeInIndex = 1; lastKnownFileType = text.xcconfig; name = "Pods-iGithubUITests.debug.xcconfig"; path = "Pods/Target Support Files/Pods-iGithubUITests/Pods-iGithubUITests.debug.xcconfig"; sourceTree = "<group>"; };
		1E7C1E35B594284B1FDEFC16 /* Pods-iGithubUITests.release.xcconfig */ = {isa = PBXFileReference; includeInIndex = 1; lastKnownFileType = text.xcconfig; name = "Pods-iGithubUITests.release.xcconfig"; path = "Pods/Target Support Files/Pods-iGithubUITests/Pods-iGithubUITests.release.xcconfig"; sourceTree = "<group>"; };
		36242BDB21E4B10200CBAE0A /* TDWDropDownMenu.swift */ = {isa = PBXFileReference; fileEncoding = 4; lastKnownFileType = sourcecode.swift; path = TDWDropDownMenu.swift; sourceTree = "<group>"; };
		3637745921EDD55F00B7590C /* UINavigationController+AOP.swift */ = {isa = PBXFileReference; fileEncoding = 4; lastKnownFileType = sourcecode.swift; path = "UINavigationController+AOP.swift"; sourceTree = "<group>"; };
		3637745B21EDD74C00B7590C /* NSObject+AOP.swift */ = {isa = PBXFileReference; lastKnownFileType = sourcecode.swift; path = "NSObject+AOP.swift"; sourceTree = "<group>"; };
		36417FA321E5CEC3007D2DB3 /* SelectedView.swift */ = {isa = PBXFileReference; lastKnownFileType = sourcecode.swift; path = SelectedView.swift; sourceTree = "<group>"; };
		36417FA521E5CED8007D2DB3 /* SelectedView.xib */ = {isa = PBXFileReference; lastKnownFileType = file.xib; path = SelectedView.xib; sourceTree = "<group>"; };
		36417FA921E5FF4F007D2DB3 /* RepoViewController.swift */ = {isa = PBXFileReference; lastKnownFileType = sourcecode.swift; path = RepoViewController.swift; sourceTree = "<group>"; };
		364BAA5D21EF33BA00E5C676 /* ProfileProtocol.swift */ = {isa = PBXFileReference; lastKnownFileType = sourcecode.swift; path = ProfileProtocol.swift; sourceTree = "<group>"; };
		364BAA5F21F01A3000E5C676 /* MeApi.swift */ = {isa = PBXFileReference; lastKnownFileType = sourcecode.swift; path = MeApi.swift; sourceTree = "<group>"; };
		364BAA6121F01B1B00E5C676 /* MeReposViewController.swift */ = {isa = PBXFileReference; lastKnownFileType = sourcecode.swift; path = MeReposViewController.swift; sourceTree = "<group>"; };
		364BAA6321F01CB900E5C676 /* MeReposViewModel.swift */ = {isa = PBXFileReference; lastKnownFileType = sourcecode.swift; path = MeReposViewModel.swift; sourceTree = "<group>"; };
		3654BED721E2EDAA00694BAA /* UIImage+Round.swift */ = {isa = PBXFileReference; lastKnownFileType = sourcecode.swift; path = "UIImage+Round.swift"; sourceTree = "<group>"; };
		3655EB7D21E879AD0048DC99 /* TrendingCell.swift */ = {isa = PBXFileReference; lastKnownFileType = sourcecode.swift; path = TrendingCell.swift; sourceTree = "<group>"; };
		3655EB7E21E879AD0048DC99 /* TrendingCell.xib */ = {isa = PBXFileReference; lastKnownFileType = file.xib; path = TrendingCell.xib; sourceTree = "<group>"; };
		365DC7CC21EF063000213747 /* ProfileCell.swift */ = {isa = PBXFileReference; lastKnownFileType = sourcecode.swift; path = ProfileCell.swift; sourceTree = "<group>"; };
		365DC7CD21EF063000213747 /* ProfileCell.xib */ = {isa = PBXFileReference; lastKnownFileType = file.xib; path = ProfileCell.xib; sourceTree = "<group>"; };
		365DC7D121EF083A00213747 /* ProfileViewModel.swift */ = {isa = PBXFileReference; lastKnownFileType = sourcecode.swift; path = ProfileViewModel.swift; sourceTree = "<group>"; };
		365DC7D421EF0B3900213747 /* ProfileItem.swift */ = {isa = PBXFileReference; lastKnownFileType = sourcecode.swift; path = ProfileItem.swift; sourceTree = "<group>"; };
		365DC7D621EF2DE000213747 /* MeTableFooterView.swift */ = {isa = PBXFileReference; lastKnownFileType = sourcecode.swift; path = MeTableFooterView.swift; sourceTree = "<group>"; };
		365DC7D821EF2DEE00213747 /* MeTableFooterView.xib */ = {isa = PBXFileReference; lastKnownFileType = file.xib; path = MeTableFooterView.xib; sourceTree = "<group>"; };
		3660B7FD21E7848800A83BF8 /* Constant.swift */ = {isa = PBXFileReference; lastKnownFileType = sourcecode.swift; path = Constant.swift; sourceTree = "<group>"; };
		3676371A21EC916D000C7C3F /* MeTableHeaderView.swift */ = {isa = PBXFileReference; lastKnownFileType = sourcecode.swift; path = MeTableHeaderView.swift; sourceTree = "<group>"; };
		3676371C21EC91A1000C7C3F /* MeTableHeaderView.xib */ = {isa = PBXFileReference; lastKnownFileType = file.xib; path = MeTableHeaderView.xib; sourceTree = "<group>"; };
		368460FA21DF401900AFF626 /* Network.swift */ = {isa = PBXFileReference; lastKnownFileType = sourcecode.swift; path = Network.swift; sourceTree = "<group>"; };
		368460FE21DF407B00AFF626 /* GithubTarget.swift */ = {isa = PBXFileReference; lastKnownFileType = sourcecode.swift; path = GithubTarget.swift; sourceTree = "<group>"; };
		3684610121E0594900AFF626 /* ActivityListCell.swift */ = {isa = PBXFileReference; lastKnownFileType = sourcecode.swift; path = ActivityListCell.swift; sourceTree = "<group>"; };
		3684610221E0594900AFF626 /* ActivityListCell.xib */ = {isa = PBXFileReference; lastKnownFileType = file.xib; path = ActivityListCell.xib; sourceTree = "<group>"; };
		3684610821E0619900AFF626 /* UITableView+nib.swift */ = {isa = PBXFileReference; fileEncoding = 4; lastKnownFileType = sourcecode.swift; path = "UITableView+nib.swift"; sourceTree = "<group>"; };
		3684610B21E081CA00AFF626 /* UIColor+Extension.swift */ = {isa = PBXFileReference; lastKnownFileType = sourcecode.swift; path = "UIColor+Extension.swift"; sourceTree = "<group>"; };
		3684610E21E0835900AFF626 /* Namespace.swift */ = {isa = PBXFileReference; lastKnownFileType = sourcecode.swift; path = Namespace.swift; sourceTree = "<group>"; };
		3684611121E0866200AFF626 /* UIView+Extension.swift */ = {isa = PBXFileReference; lastKnownFileType = sourcecode.swift; path = "UIView+Extension.swift"; sourceTree = "<group>"; };
		3684611321E0872800AFF626 /* ActivityCellViewModel.swift */ = {isa = PBXFileReference; lastKnownFileType = sourcecode.swift; path = ActivityCellViewModel.swift; sourceTree = "<group>"; };
		368A5AF821E36789002B5F48 /* String+Extension.swift */ = {isa = PBXFileReference; lastKnownFileType = sourcecode.swift; path = "String+Extension.swift"; sourceTree = "<group>"; };
		368A5AFB21E367FA002B5F48 /* Date+Extension.swift */ = {isa = PBXFileReference; lastKnownFileType = sourcecode.swift; path = "Date+Extension.swift"; sourceTree = "<group>"; };
		368A5AFE21E44670002B5F48 /* NetworkLogPlugin.swift */ = {isa = PBXFileReference; lastKnownFileType = sourcecode.swift; path = NetworkLogPlugin.swift; sourceTree = "<group>"; };
		368E4F6521E744E100EAA132 /* TrendingViewController.swift */ = {isa = PBXFileReference; lastKnownFileType = sourcecode.swift; path = TrendingViewController.swift; sourceTree = "<group>"; };
		368E4F6721E7450D00EAA132 /* PopularViewController.swift */ = {isa = PBXFileReference; lastKnownFileType = sourcecode.swift; path = PopularViewController.swift; sourceTree = "<group>"; };
		3697D85B21F073800066F0A1 /* FollowCell.swift */ = {isa = PBXFileReference; lastKnownFileType = sourcecode.swift; path = FollowCell.swift; sourceTree = "<group>"; };
		3697D85C21F073800066F0A1 /* FollowCell.xib */ = {isa = PBXFileReference; lastKnownFileType = file.xib; path = FollowCell.xib; sourceTree = "<group>"; };
		3697D86021F079FD0066F0A1 /* UIImageView+Kingfisher.swift */ = {isa = PBXFileReference; lastKnownFileType = sourcecode.swift; path = "UIImageView+Kingfisher.swift"; sourceTree = "<group>"; };
		3697D86221F07D210066F0A1 /* FollowUser.swift */ = {isa = PBXFileReference; lastKnownFileType = sourcecode.swift; path = FollowUser.swift; sourceTree = "<group>"; };
		3697D86421F080310066F0A1 /* FollowersViewModel.swift */ = {isa = PBXFileReference; lastKnownFileType = sourcecode.swift; path = FollowersViewModel.swift; sourceTree = "<group>"; };
		3697D86621F0846D0066F0A1 /* MeFollowersViewController.swift */ = {isa = PBXFileReference; lastKnownFileType = sourcecode.swift; path = MeFollowersViewController.swift; sourceTree = "<group>"; };
		3697D86821F0885A0066F0A1 /* MeFollowingViewController.swift */ = {isa = PBXFileReference; lastKnownFileType = sourcecode.swift; path = MeFollowingViewController.swift; sourceTree = "<group>"; };
		3697D86A21F0888C0066F0A1 /* FollowingViewModel.swift */ = {isa = PBXFileReference; lastKnownFileType = sourcecode.swift; path = FollowingViewModel.swift; sourceTree = "<group>"; };
		3697D86C21F0895D0066F0A1 /* FollowUserViewModel.swift */ = {isa = PBXFileReference; lastKnownFileType = sourcecode.swift; path = FollowUserViewModel.swift; sourceTree = "<group>"; };
		3697D86F21F16B3F0066F0A1 /* UIWindow+Memory.swift */ = {isa = PBXFileReference; lastKnownFileType = sourcecode.swift; path = "UIWindow+Memory.swift"; sourceTree = "<group>"; };
		3697D87121F1709D0066F0A1 /* UIViewController+AOP.swift */ = {isa = PBXFileReference; lastKnownFileType = sourcecode.swift; path = "UIViewController+AOP.swift"; sourceTree = "<group>"; };
		3697D87321F175EB0066F0A1 /* AOP.swift */ = {isa = PBXFileReference; lastKnownFileType = sourcecode.swift; path = AOP.swift; sourceTree = "<group>"; };
		3697D87521F185D40066F0A1 /* UIView+HUD.swift */ = {isa = PBXFileReference; lastKnownFileType = sourcecode.swift; path = "UIView+HUD.swift"; sourceTree = "<group>"; };
		3697F32521E6E2FD00E2E7A5 /* IWebViewController.swift */ = {isa = PBXFileReference; lastKnownFileType = sourcecode.swift; path = IWebViewController.swift; sourceTree = "<group>"; };
		3697F32721E6E79B00E2E7A5 /* iGithub-Bridging-Header.h */ = {isa = PBXFileReference; lastKnownFileType = sourcecode.c.h; path = "iGithub-Bridging-Header.h"; sourceTree = "<group>"; };
		36A0CC1321E47B3D00A63571 /* UIColor+UIHelper.swift */ = {isa = PBXFileReference; lastKnownFileType = sourcecode.swift; path = "UIColor+UIHelper.swift"; sourceTree = "<group>"; };
		36A0CC1821E493B700A63571 /* HotApi.swift */ = {isa = PBXFileReference; lastKnownFileType = sourcecode.swift; path = HotApi.swift; sourceTree = "<group>"; };
		36A3002521E8E645008D291D /* AuthApi.swift */ = {isa = PBXFileReference; lastKnownFileType = sourcecode.swift; path = AuthApi.swift; sourceTree = "<group>"; };
		36A3002921EC2DC7008D291D /* LoginViewController.swift */ = {isa = PBXFileReference; lastKnownFileType = sourcecode.swift; path = LoginViewController.swift; sourceTree = "<group>"; };
		36A3002A21EC2DC7008D291D /* LoginViewController.xib */ = {isa = PBXFileReference; lastKnownFileType = file.xib; path = LoginViewController.xib; sourceTree = "<group>"; };
		36A3002E21EC3652008D291D /* UserManager.swift */ = {isa = PBXFileReference; lastKnownFileType = sourcecode.swift; path = UserManager.swift; sourceTree = "<group>"; };
		36A3003221EC36A3008D291D /* User.swift */ = {isa = PBXFileReference; lastKnownFileType = sourcecode.swift; path = User.swift; sourceTree = "<group>"; };
		36A3003421EC3D2E008D291D /* AuthManager.swift */ = {isa = PBXFileReference; lastKnownFileType = sourcecode.swift; path = AuthManager.swift; sourceTree = "<group>"; };
		36A3003621EC6E5B008D291D /* LoginViewModel.swift */ = {isa = PBXFileReference; lastKnownFileType = sourcecode.swift; path = LoginViewModel.swift; sourceTree = "<group>"; };
		36A3003821EC72C3008D291D /* MeViewController.swift */ = {isa = PBXFileReference; lastKnownFileType = sourcecode.swift; path = MeViewController.swift; sourceTree = "<group>"; };
		36A3003921EC72C3008D291D /* MeViewController.xib */ = {isa = PBXFileReference; lastKnownFileType = file.xib; path = MeViewController.xib; sourceTree = "<group>"; };
		36AE691A21DDB23B00C9A656 /* iGithub.app */ = {isa = PBXFileReference; explicitFileType = wrapper.application; includeInIndex = 0; path = iGithub.app; sourceTree = BUILT_PRODUCTS_DIR; };
		36AE691D21DDB23B00C9A656 /* AppDelegate.swift */ = {isa = PBXFileReference; lastKnownFileType = sourcecode.swift; path = AppDelegate.swift; sourceTree = "<group>"; };
		36AE692221DDB23B00C9A656 /* Base */ = {isa = PBXFileReference; lastKnownFileType = file.storyboard; name = Base; path = Base.lproj/Main.storyboard; sourceTree = "<group>"; };
		36AE692421DDB23D00C9A656 /* Assets.xcassets */ = {isa = PBXFileReference; lastKnownFileType = folder.assetcatalog; path = Assets.xcassets; sourceTree = "<group>"; };
		36AE692721DDB23D00C9A656 /* Base */ = {isa = PBXFileReference; lastKnownFileType = file.storyboard; name = Base; path = Base.lproj/LaunchScreen.storyboard; sourceTree = "<group>"; };
		36AE692921DDB23D00C9A656 /* Info.plist */ = {isa = PBXFileReference; lastKnownFileType = text.plist.xml; path = Info.plist; sourceTree = "<group>"; };
		36AE692E21DDB23D00C9A656 /* iGithubTests.xctest */ = {isa = PBXFileReference; explicitFileType = wrapper.cfbundle; includeInIndex = 0; path = iGithubTests.xctest; sourceTree = BUILT_PRODUCTS_DIR; };
		36AE693221DDB23D00C9A656 /* iGithubTests.swift */ = {isa = PBXFileReference; lastKnownFileType = sourcecode.swift; path = iGithubTests.swift; sourceTree = "<group>"; };
		36AE693421DDB23D00C9A656 /* Info.plist */ = {isa = PBXFileReference; lastKnownFileType = text.plist.xml; path = Info.plist; sourceTree = "<group>"; };
		36AE693921DDB23D00C9A656 /* iGithubUITests.xctest */ = {isa = PBXFileReference; explicitFileType = wrapper.cfbundle; includeInIndex = 0; path = iGithubUITests.xctest; sourceTree = BUILT_PRODUCTS_DIR; };
		36AE693D21DDB23D00C9A656 /* iGithubUITests.swift */ = {isa = PBXFileReference; lastKnownFileType = sourcecode.swift; path = iGithubUITests.swift; sourceTree = "<group>"; };
		36AE693F21DDB23D00C9A656 /* Info.plist */ = {isa = PBXFileReference; lastKnownFileType = text.plist.xml; path = Info.plist; sourceTree = "<group>"; };
		36AE694F21DDB2B700C9A656 /* TabbarController.swift */ = {isa = PBXFileReference; lastKnownFileType = sourcecode.swift; path = TabbarController.swift; sourceTree = "<group>"; };
		36AE695421DDBEAA00C9A656 /* ActivityViewController.swift */ = {isa = PBXFileReference; lastKnownFileType = sourcecode.swift; path = ActivityViewController.swift; sourceTree = "<group>"; };
		36C9806721E8C3BA0022F2F8 /* TrendingRepo.swift */ = {isa = PBXFileReference; lastKnownFileType = sourcecode.swift; path = TrendingRepo.swift; sourceTree = "<group>"; };
		36C9806921E8C8830022F2F8 /* TrendingViewModel.swift */ = {isa = PBXFileReference; lastKnownFileType = sourcecode.swift; path = TrendingViewModel.swift; sourceTree = "<group>"; };
		36C9806B21E8C8BE0022F2F8 /* TrendingCellViewModel.swift */ = {isa = PBXFileReference; lastKnownFileType = sourcecode.swift; path = TrendingCellViewModel.swift; sourceTree = "<group>"; };
		87FFDBA5C929C63CD2A12DB7 /* Pods_iGithubUITests.framework */ = {isa = PBXFileReference; explicitFileType = wrapper.framework; includeInIndex = 0; path = Pods_iGithubUITests.framework; sourceTree = BUILT_PRODUCTS_DIR; };
		883617FF21E4F2C500715D80 /* PopularCell.xib */ = {isa = PBXFileReference; fileEncoding = 4; lastKnownFileType = file.xib; path = PopularCell.xib; sourceTree = "<group>"; };
		8836180021E4F2C500715D80 /* PopularCell.swift */ = {isa = PBXFileReference; fileEncoding = 4; lastKnownFileType = sourcecode.swift; path = PopularCell.swift; sourceTree = "<group>"; };
		8836180221E4F2C500715D80 /* Repo.swift */ = {isa = PBXFileReference; fileEncoding = 4; lastKnownFileType = sourcecode.swift; path = Repo.swift; sourceTree = "<group>"; };
		8836180421E4F2C500715D80 /* HotViewController.swift */ = {isa = PBXFileReference; fileEncoding = 4; lastKnownFileType = sourcecode.swift; path = HotViewController.swift; sourceTree = "<group>"; };
		8836180621E4F2C500715D80 /* PopularViewModel.swift */ = {isa = PBXFileReference; fileEncoding = 4; lastKnownFileType = sourcecode.swift; path = PopularViewModel.swift; sourceTree = "<group>"; };
		8836180C21E4F3A500715D80 /* PopularItemViewModel.swift */ = {isa = PBXFileReference; lastKnownFileType = sourcecode.swift; path = PopularItemViewModel.swift; sourceTree = "<group>"; };
		88A6C0DA001F4697F72DAF49 /* Pods-iGithub.release.xcconfig */ = {isa = PBXFileReference; includeInIndex = 1; lastKnownFileType = text.xcconfig; name = "Pods-iGithub.release.xcconfig"; path = "Pods/Target Support Files/Pods-iGithub/Pods-iGithub.release.xcconfig"; sourceTree = "<group>"; };
		88C63BF321DF9E410027FF47 /* ActivityViewModel.swift */ = {isa = PBXFileReference; lastKnownFileType = sourcecode.swift; path = ActivityViewModel.swift; sourceTree = "<group>"; };
		88C63BF521DF9EC00027FF47 /* ActivityApi.swift */ = {isa = PBXFileReference; lastKnownFileType = sourcecode.swift; path = ActivityApi.swift; sourceTree = "<group>"; };
		88C63BF821DFA30C0027FF47 /* Activity.swift */ = {isa = PBXFileReference; lastKnownFileType = sourcecode.swift; path = Activity.swift; sourceTree = "<group>"; };
		88C63BFC21DFAA4E0027FF47 /* MoyaResponse+HandyJSON.swift */ = {isa = PBXFileReference; lastKnownFileType = sourcecode.swift; path = "MoyaResponse+HandyJSON.swift"; sourceTree = "<group>"; };
		8977E11485D0839BB44D523B /* Pods-iGithubTests.release.xcconfig */ = {isa = PBXFileReference; includeInIndex = 1; lastKnownFileType = text.xcconfig; name = "Pods-iGithubTests.release.xcconfig"; path = "Pods/Target Support Files/Pods-iGithubTests/Pods-iGithubTests.release.xcconfig"; sourceTree = "<group>"; };
		A08C50957E6D3ED870615D9A /* Pods-iGithub.debug.xcconfig */ = {isa = PBXFileReference; includeInIndex = 1; lastKnownFileType = text.xcconfig; name = "Pods-iGithub.debug.xcconfig"; path = "Pods/Target Support Files/Pods-iGithub/Pods-iGithub.debug.xcconfig"; sourceTree = "<group>"; };
		A3A3A8211F1EB20EEB55F692 /* Pods_iGithubTests.framework */ = {isa = PBXFileReference; explicitFileType = wrapper.framework; includeInIndex = 0; path = Pods_iGithubTests.framework; sourceTree = BUILT_PRODUCTS_DIR; };
		B1B9CA7ECD98BB46811596AA /* Pods-iGithubTests.debug.xcconfig */ = {isa = PBXFileReference; includeInIndex = 1; lastKnownFileType = text.xcconfig; name = "Pods-iGithubTests.debug.xcconfig"; path = "Pods/Target Support Files/Pods-iGithubTests/Pods-iGithubTests.debug.xcconfig"; sourceTree = "<group>"; };
		D1368C1448485AE8CDB4C9F5 /* Pods_iGithub.framework */ = {isa = PBXFileReference; explicitFileType = wrapper.framework; includeInIndex = 0; path = Pods_iGithub.framework; sourceTree = BUILT_PRODUCTS_DIR; };
/* End PBXFileReference section */

/* Begin PBXFrameworksBuildPhase section */
		36AE691721DDB23B00C9A656 /* Frameworks */ = {
			isa = PBXFrameworksBuildPhase;
			buildActionMask = 2147483647;
			files = (
				5568BB79ADEA8308EFCC047E /* Pods_iGithub.framework in Frameworks */,
			);
			runOnlyForDeploymentPostprocessing = 0;
		};
		36AE692B21DDB23D00C9A656 /* Frameworks */ = {
			isa = PBXFrameworksBuildPhase;
			buildActionMask = 2147483647;
			files = (
				9E41414319D6E290D933A91F /* Pods_iGithubTests.framework in Frameworks */,
			);
			runOnlyForDeploymentPostprocessing = 0;
		};
		36AE693621DDB23D00C9A656 /* Frameworks */ = {
			isa = PBXFrameworksBuildPhase;
			buildActionMask = 2147483647;
			files = (
				047325D9DF886877A66F12DD /* Pods_iGithubUITests.framework in Frameworks */,
			);
			runOnlyForDeploymentPostprocessing = 0;
		};
/* End PBXFrameworksBuildPhase section */

/* Begin PBXGroup section */
		36242BDA21E4B0CF00CBAE0A /* CustomView */ = {
			isa = PBXGroup;
			children = (
				36242BDB21E4B10200CBAE0A /* TDWDropDownMenu.swift */,
				3697F32521E6E2FD00E2E7A5 /* IWebViewController.swift */,
			);
			path = CustomView;
			sourceTree = "<group>";
		};
		3637745821EDD55F00B7590C /* AOP */ = {
			isa = PBXGroup;
			children = (
				3697D87321F175EB0066F0A1 /* AOP.swift */,
				3637745B21EDD74C00B7590C /* NSObject+AOP.swift */,
				3637745921EDD55F00B7590C /* UINavigationController+AOP.swift */,
				3697D87121F1709D0066F0A1 /* UIViewController+AOP.swift */,
			);
			path = AOP;
			sourceTree = "<group>";
		};
		36417FA721E5FF38007D2DB3 /* Repo */ = {
			isa = PBXGroup;
			children = (
				36417FA821E5FF3D007D2DB3 /* ViewController */,
			);
			path = Repo;
			sourceTree = "<group>";
		};
		36417FA821E5FF3D007D2DB3 /* ViewController */ = {
			isa = PBXGroup;
			children = (
				36417FA921E5FF4F007D2DB3 /* RepoViewController.swift */,
			);
			path = ViewController;
			sourceTree = "<group>";
		};
		364BAA5C21EF33A400E5C676 /* Protocol */ = {
			isa = PBXGroup;
			children = (
				364BAA5D21EF33BA00E5C676 /* ProfileProtocol.swift */,
			);
			path = Protocol;
			sourceTree = "<group>";
		};
		3654BED621E2ED8C00694BAA /* UIImage */ = {
			isa = PBXGroup;
			children = (
				3654BED721E2EDAA00694BAA /* UIImage+Round.swift */,
			);
			path = UIImage;
			sourceTree = "<group>";
		};
		365DC7D021EF082800213747 /* ViewModel */ = {
			isa = PBXGroup;
			children = (
				365DC7D121EF083A00213747 /* ProfileViewModel.swift */,
				364BAA6321F01CB900E5C676 /* MeReposViewModel.swift */,
				3697D86421F080310066F0A1 /* FollowersViewModel.swift */,
				3697D86A21F0888C0066F0A1 /* FollowingViewModel.swift */,
				3697D86C21F0895D0066F0A1 /* FollowUserViewModel.swift */,
			);
			path = ViewModel;
			sourceTree = "<group>";
		};
		365DC7D321EF0B2F00213747 /* Model */ = {
			isa = PBXGroup;
			children = (
				365DC7D421EF0B3900213747 /* ProfileItem.swift */,
				3697D86221F07D210066F0A1 /* FollowUser.swift */,
			);
			path = Model;
			sourceTree = "<group>";
		};
		3660B7FC21E7846D00A83BF8 /* Constant */ = {
			isa = PBXGroup;
			children = (
				3660B7FD21E7848800A83BF8 /* Constant.swift */,
			);
			path = Constant;
			sourceTree = "<group>";
		};
		3684610021E0591800AFF626 /* View */ = {
			isa = PBXGroup;
			children = (
				3684610121E0594900AFF626 /* ActivityListCell.swift */,
				3684610221E0594900AFF626 /* ActivityListCell.xib */,
			);
			path = View;
			sourceTree = "<group>";
		};
		3684610721E0619900AFF626 /* UITableView */ = {
			isa = PBXGroup;
			children = (
				3684610821E0619900AFF626 /* UITableView+nib.swift */,
			);
			path = UITableView;
			sourceTree = "<group>";
		};
		3684610A21E081B000AFF626 /* UIColor */ = {
			isa = PBXGroup;
			children = (
				3684610B21E081CA00AFF626 /* UIColor+Extension.swift */,
			);
			path = UIColor;
			sourceTree = "<group>";
		};
		3684610D21E0834100AFF626 /* Namespace */ = {
			isa = PBXGroup;
			children = (
				3684610E21E0835900AFF626 /* Namespace.swift */,
			);
			path = Namespace;
			sourceTree = "<group>";
		};
		3684611021E0864700AFF626 /* UIView */ = {
			isa = PBXGroup;
			children = (
				3684611121E0866200AFF626 /* UIView+Extension.swift */,
				3697D87521F185D40066F0A1 /* UIView+HUD.swift */,
			);
			path = UIView;
			sourceTree = "<group>";
		};
		368A5AF721E3677A002B5F48 /* String */ = {
			isa = PBXGroup;
			children = (
				368A5AF821E36789002B5F48 /* String+Extension.swift */,
			);
			path = String;
			sourceTree = "<group>";
		};
		368A5AFA21E367DB002B5F48 /* Date */ = {
			isa = PBXGroup;
			children = (
				368A5AFB21E367FA002B5F48 /* Date+Extension.swift */,
			);
			path = Date;
			sourceTree = "<group>";
		};
		368A5AFD21E4462E002B5F48 /* Plugins */ = {
			isa = PBXGroup;
			children = (
				368A5AFE21E44670002B5F48 /* NetworkLogPlugin.swift */,
			);
			path = Plugins;
			sourceTree = "<group>";
		};
		3697D85F21F079DD0066F0A1 /* UIImageView */ = {
			isa = PBXGroup;
			children = (
				3697D86021F079FD0066F0A1 /* UIImageView+Kingfisher.swift */,
			);
			path = UIImageView;
			sourceTree = "<group>";
		};
		3697D86E21F16B090066F0A1 /* UIWindow */ = {
			isa = PBXGroup;
			children = (
				3697D86F21F16B3F0066F0A1 /* UIWindow+Memory.swift */,
			);
			path = UIWindow;
			sourceTree = "<group>";
		};
		36A0CC1221E47B2200A63571 /* Helper */ = {
			isa = PBXGroup;
			children = (
				36A0CC1321E47B3D00A63571 /* UIColor+UIHelper.swift */,
			);
			path = Helper;
			sourceTree = "<group>";
		};
		36A3002721EC2DA1008D291D /* Login */ = {
			isa = PBXGroup;
			children = (
				36A3003021EC3674008D291D /* Model */,
				36A3002821EC2DAE008D291D /* ViewController */,
				36A3003121EC3686008D291D /* ViewModel */,
			);
			path = Login;
			sourceTree = "<group>";
		};
		36A3002821EC2DAE008D291D /* ViewController */ = {
			isa = PBXGroup;
			children = (
				36A3002921EC2DC7008D291D /* LoginViewController.swift */,
				36A3002A21EC2DC7008D291D /* LoginViewController.xib */,
			);
			path = ViewController;
			sourceTree = "<group>";
		};
		36A3002D21EC3627008D291D /* Store */ = {
			isa = PBXGroup;
			children = (
				36A3002E21EC3652008D291D /* UserManager.swift */,
				36A3003421EC3D2E008D291D /* AuthManager.swift */,
			);
			path = Store;
			sourceTree = "<group>";
		};
		36A3003021EC3674008D291D /* Model */ = {
			isa = PBXGroup;
			children = (
				36A3003221EC36A3008D291D /* User.swift */,
			);
			path = Model;
			sourceTree = "<group>";
		};
		36A3003121EC3686008D291D /* ViewModel */ = {
			isa = PBXGroup;
			children = (
				36A3003621EC6E5B008D291D /* LoginViewModel.swift */,
			);
			path = ViewModel;
			sourceTree = "<group>";
		};
		36A3003C21EC8118008D291D /* View */ = {
			isa = PBXGroup;
			children = (
				3676371A21EC916D000C7C3F /* MeTableHeaderView.swift */,
				3676371C21EC91A1000C7C3F /* MeTableHeaderView.xib */,
				365DC7CC21EF063000213747 /* ProfileCell.swift */,
				365DC7CD21EF063000213747 /* ProfileCell.xib */,
				365DC7D621EF2DE000213747 /* MeTableFooterView.swift */,
				365DC7D821EF2DEE00213747 /* MeTableFooterView.xib */,
				3697D85B21F073800066F0A1 /* FollowCell.swift */,
				3697D85C21F073800066F0A1 /* FollowCell.xib */,
			);
			path = View;
			sourceTree = "<group>";
		};
		36AE691121DDB23B00C9A656 = {
			isa = PBXGroup;
			children = (
				36AE691C21DDB23B00C9A656 /* iGithub */,
				36AE693121DDB23D00C9A656 /* iGithubTests */,
				36AE693C21DDB23D00C9A656 /* iGithubUITests */,
				36AE691B21DDB23B00C9A656 /* Products */,
				7CD0DB02AA2D12B707B8F855 /* Pods */,
				796EB690EF08CB4C5DE753B0 /* Frameworks */,
			);
			sourceTree = "<group>";
		};
		36AE691B21DDB23B00C9A656 /* Products */ = {
			isa = PBXGroup;
			children = (
				36AE691A21DDB23B00C9A656 /* iGithub.app */,
				36AE692E21DDB23D00C9A656 /* iGithubTests.xctest */,
				36AE693921DDB23D00C9A656 /* iGithubUITests.xctest */,
			);
			name = Products;
			sourceTree = "<group>";
		};
		36AE691C21DDB23B00C9A656 /* iGithub */ = {
			isa = PBXGroup;
			children = (
				36AE694C21DDB25F00C9A656 /* Application */,
				36AE694D21DDB26A00C9A656 /* Modules */,
				36AE695D21DEFF3700C9A656 /* Network */,
				36A3002D21EC3627008D291D /* Store */,
				88C63BFA21DFAA190027FF47 /* Utils */,
				36AE694B21DDB24700C9A656 /* SupportingFiles */,
			);
			path = iGithub;
			sourceTree = "<group>";
		};
		36AE693121DDB23D00C9A656 /* iGithubTests */ = {
			isa = PBXGroup;
			children = (
				36AE693221DDB23D00C9A656 /* iGithubTests.swift */,
				36AE693421DDB23D00C9A656 /* Info.plist */,
			);
			path = iGithubTests;
			sourceTree = "<group>";
		};
		36AE693C21DDB23D00C9A656 /* iGithubUITests */ = {
			isa = PBXGroup;
			children = (
				36AE693D21DDB23D00C9A656 /* iGithubUITests.swift */,
				36AE693F21DDB23D00C9A656 /* Info.plist */,
			);
			path = iGithubUITests;
			sourceTree = "<group>";
		};
		36AE694B21DDB24700C9A656 /* SupportingFiles */ = {
			isa = PBXGroup;
			children = (
				3697F32721E6E79B00E2E7A5 /* iGithub-Bridging-Header.h */,
				36AE692121DDB23B00C9A656 /* Main.storyboard */,
				36AE692421DDB23D00C9A656 /* Assets.xcassets */,
				36AE692621DDB23D00C9A656 /* LaunchScreen.storyboard */,
				36AE692921DDB23D00C9A656 /* Info.plist */,
			);
			path = SupportingFiles;
			sourceTree = "<group>";
		};
		36AE694C21DDB25F00C9A656 /* Application */ = {
			isa = PBXGroup;
			children = (
				36AE691D21DDB23B00C9A656 /* AppDelegate.swift */,
			);
			path = Application;
			sourceTree = "<group>";
		};
		36AE694D21DDB26A00C9A656 /* Modules */ = {
			isa = PBXGroup;
			children = (
				36A3002721EC2DA1008D291D /* Login */,
				36417FA721E5FF38007D2DB3 /* Repo */,
				36AE695121DDBE7000C9A656 /* Activity */,
				36AE695321DDBE7B00C9A656 /* Hot */,
				36AE695221DDBE7600C9A656 /* Me */,
				36AE694E21DDB28C00C9A656 /* Tabbar */,
			);
			path = Modules;
			sourceTree = "<group>";
		};
		36AE694E21DDB28C00C9A656 /* Tabbar */ = {
			isa = PBXGroup;
			children = (
				36AE694F21DDB2B700C9A656 /* TabbarController.swift */,
			);
			path = Tabbar;
			sourceTree = "<group>";
		};
		36AE695121DDBE7000C9A656 /* Activity */ = {
			isa = PBXGroup;
			children = (
				3684610021E0591800AFF626 /* View */,
				88C63BF721DFA3040027FF47 /* Model */,
				88C63BF221DF9E310027FF47 /* ViewModel */,
				36AE695621DDBEB000C9A656 /* ViewController */,
			);
			path = Activity;
			sourceTree = "<group>";
		};
		36AE695221DDBE7600C9A656 /* Me */ = {
			isa = PBXGroup;
			children = (
				364BAA5C21EF33A400E5C676 /* Protocol */,
				365DC7D321EF0B2F00213747 /* Model */,
				365DC7D021EF082800213747 /* ViewModel */,
				36A3003C21EC8118008D291D /* View */,
				36AE695A21DDBED200C9A656 /* ViewController */,
			);
			path = Me;
			sourceTree = "<group>";
		};
		36AE695321DDBE7B00C9A656 /* Hot */ = {
			isa = PBXGroup;
			children = (
				8836180121E4F2C500715D80 /* Model */,
				883617FE21E4F2C500715D80 /* View */,
				8836180321E4F2C500715D80 /* ViewController */,
				8836180521E4F2C500715D80 /* ViewModel */,
			);
			path = Hot;
			sourceTree = "<group>";
		};
		36AE695621DDBEB000C9A656 /* ViewController */ = {
			isa = PBXGroup;
			children = (
				36AE695421DDBEAA00C9A656 /* ActivityViewController.swift */,
			);
			path = ViewController;
			sourceTree = "<group>";
		};
		36AE695A21DDBED200C9A656 /* ViewController */ = {
			isa = PBXGroup;
			children = (
				36A3003821EC72C3008D291D /* MeViewController.swift */,
				36A3003921EC72C3008D291D /* MeViewController.xib */,
				364BAA6121F01B1B00E5C676 /* MeReposViewController.swift */,
				3697D86621F0846D0066F0A1 /* MeFollowersViewController.swift */,
				3697D86821F0885A0066F0A1 /* MeFollowingViewController.swift */,
			);
			path = ViewController;
			sourceTree = "<group>";
		};
		36AE695D21DEFF3700C9A656 /* Network */ = {
			isa = PBXGroup;
			children = (
				368A5AFD21E4462E002B5F48 /* Plugins */,
				368460FA21DF401900AFF626 /* Network.swift */,
				368460FE21DF407B00AFF626 /* GithubTarget.swift */,
				88C63BF521DF9EC00027FF47 /* ActivityApi.swift */,
				36A0CC1821E493B700A63571 /* HotApi.swift */,
				36A3002521E8E645008D291D /* AuthApi.swift */,
				364BAA5F21F01A3000E5C676 /* MeApi.swift */,
			);
			path = Network;
			sourceTree = "<group>";
		};
		796EB690EF08CB4C5DE753B0 /* Frameworks */ = {
			isa = PBXGroup;
			children = (
				D1368C1448485AE8CDB4C9F5 /* Pods_iGithub.framework */,
				A3A3A8211F1EB20EEB55F692 /* Pods_iGithubTests.framework */,
				87FFDBA5C929C63CD2A12DB7 /* Pods_iGithubUITests.framework */,
			);
			name = Frameworks;
			sourceTree = "<group>";
		};
		7CD0DB02AA2D12B707B8F855 /* Pods */ = {
			isa = PBXGroup;
			children = (
				A08C50957E6D3ED870615D9A /* Pods-iGithub.debug.xcconfig */,
				88A6C0DA001F4697F72DAF49 /* Pods-iGithub.release.xcconfig */,
				B1B9CA7ECD98BB46811596AA /* Pods-iGithubTests.debug.xcconfig */,
				8977E11485D0839BB44D523B /* Pods-iGithubTests.release.xcconfig */,
				0DD8075AA15875B820E6AD22 /* Pods-iGithubUITests.debug.xcconfig */,
				1E7C1E35B594284B1FDEFC16 /* Pods-iGithubUITests.release.xcconfig */,
			);
			name = Pods;
			sourceTree = "<group>";
		};
		883617FE21E4F2C500715D80 /* View */ = {
			isa = PBXGroup;
			children = (
				8836180021E4F2C500715D80 /* PopularCell.swift */,
				883617FF21E4F2C500715D80 /* PopularCell.xib */,
				36417FA321E5CEC3007D2DB3 /* SelectedView.swift */,
				36417FA521E5CED8007D2DB3 /* SelectedView.xib */,
				3655EB7D21E879AD0048DC99 /* TrendingCell.swift */,
				3655EB7E21E879AD0048DC99 /* TrendingCell.xib */,
			);
			path = View;
			sourceTree = "<group>";
		};
		8836180121E4F2C500715D80 /* Model */ = {
			isa = PBXGroup;
			children = (
				8836180221E4F2C500715D80 /* Repo.swift */,
				36C9806721E8C3BA0022F2F8 /* TrendingRepo.swift */,
			);
			path = Model;
			sourceTree = "<group>";
		};
		8836180321E4F2C500715D80 /* ViewController */ = {
			isa = PBXGroup;
			children = (
				8836180421E4F2C500715D80 /* HotViewController.swift */,
				368E4F6521E744E100EAA132 /* TrendingViewController.swift */,
				368E4F6721E7450D00EAA132 /* PopularViewController.swift */,
			);
			path = ViewController;
			sourceTree = "<group>";
		};
		8836180521E4F2C500715D80 /* ViewModel */ = {
			isa = PBXGroup;
			children = (
				8836180621E4F2C500715D80 /* PopularViewModel.swift */,
				8836180C21E4F3A500715D80 /* PopularItemViewModel.swift */,
				36C9806921E8C8830022F2F8 /* TrendingViewModel.swift */,
				36C9806B21E8C8BE0022F2F8 /* TrendingCellViewModel.swift */,
			);
			path = ViewModel;
			sourceTree = "<group>";
		};
		88C63BF221DF9E310027FF47 /* ViewModel */ = {
			isa = PBXGroup;
			children = (
				88C63BF321DF9E410027FF47 /* ActivityViewModel.swift */,
				3684611321E0872800AFF626 /* ActivityCellViewModel.swift */,
			);
			path = ViewModel;
			sourceTree = "<group>";
		};
		88C63BF721DFA3040027FF47 /* Model */ = {
			isa = PBXGroup;
			children = (
				88C63BF821DFA30C0027FF47 /* Activity.swift */,
			);
			path = Model;
			sourceTree = "<group>";
		};
		88C63BFA21DFAA190027FF47 /* Utils */ = {
			isa = PBXGroup;
			children = (
				3637745821EDD55F00B7590C /* AOP */,
				3660B7FC21E7846D00A83BF8 /* Constant */,
				36242BDA21E4B0CF00CBAE0A /* CustomView */,
				36A0CC1221E47B2200A63571 /* Helper */,
				3684610D21E0834100AFF626 /* Namespace */,
				88C63BFB21DFAA240027FF47 /* Extension */,
			);
			path = Utils;
			sourceTree = "<group>";
		};
		88C63BFB21DFAA240027FF47 /* Extension */ = {
			isa = PBXGroup;
			children = (
				3697D86E21F16B090066F0A1 /* UIWindow */,
				3697D85F21F079DD0066F0A1 /* UIImageView */,
				368A5AFA21E367DB002B5F48 /* Date */,
				368A5AF721E3677A002B5F48 /* String */,
				3654BED621E2ED8C00694BAA /* UIImage */,
				88C63BFC21DFAA4E0027FF47 /* MoyaResponse+HandyJSON.swift */,
				3684610A21E081B000AFF626 /* UIColor */,
				3684610721E0619900AFF626 /* UITableView */,
				3684611021E0864700AFF626 /* UIView */,
			);
			path = Extension;
			sourceTree = "<group>";
		};
/* End PBXGroup section */

/* Begin PBXNativeTarget section */
		36AE691921DDB23B00C9A656 /* iGithub */ = {
			isa = PBXNativeTarget;
			buildConfigurationList = 36AE694221DDB23D00C9A656 /* Build configuration list for PBXNativeTarget "iGithub" */;
			buildPhases = (
				13607664CF35CBF97EA171B0 /* [CP] Check Pods Manifest.lock */,
				36AE691621DDB23B00C9A656 /* Sources */,
				36AE691721DDB23B00C9A656 /* Frameworks */,
				36AE691821DDB23B00C9A656 /* Resources */,
				ACBC2CCED34013BD1CADD221 /* [CP] Embed Pods Frameworks */,
			);
			buildRules = (
			);
			dependencies = (
			);
			name = iGithub;
			productName = iGithub;
			productReference = 36AE691A21DDB23B00C9A656 /* iGithub.app */;
			productType = "com.apple.product-type.application";
		};
		36AE692D21DDB23D00C9A656 /* iGithubTests */ = {
			isa = PBXNativeTarget;
			buildConfigurationList = 36AE694521DDB23D00C9A656 /* Build configuration list for PBXNativeTarget "iGithubTests" */;
			buildPhases = (
				D99F0C69F4CA0D45958E9226 /* [CP] Check Pods Manifest.lock */,
				36AE692A21DDB23D00C9A656 /* Sources */,
				36AE692B21DDB23D00C9A656 /* Frameworks */,
				36AE692C21DDB23D00C9A656 /* Resources */,
			);
			buildRules = (
			);
			dependencies = (
				36AE693021DDB23D00C9A656 /* PBXTargetDependency */,
			);
			name = iGithubTests;
			productName = iGithubTests;
			productReference = 36AE692E21DDB23D00C9A656 /* iGithubTests.xctest */;
			productType = "com.apple.product-type.bundle.unit-test";
		};
		36AE693821DDB23D00C9A656 /* iGithubUITests */ = {
			isa = PBXNativeTarget;
			buildConfigurationList = 36AE694821DDB23D00C9A656 /* Build configuration list for PBXNativeTarget "iGithubUITests" */;
			buildPhases = (
				370F1EA0ABCDA64FCF6F1953 /* [CP] Check Pods Manifest.lock */,
				36AE693521DDB23D00C9A656 /* Sources */,
				36AE693621DDB23D00C9A656 /* Frameworks */,
				36AE693721DDB23D00C9A656 /* Resources */,
			);
			buildRules = (
			);
			dependencies = (
				36AE693B21DDB23D00C9A656 /* PBXTargetDependency */,
			);
			name = iGithubUITests;
			productName = iGithubUITests;
			productReference = 36AE693921DDB23D00C9A656 /* iGithubUITests.xctest */;
			productType = "com.apple.product-type.bundle.ui-testing";
		};
/* End PBXNativeTarget section */

/* Begin PBXProject section */
		36AE691221DDB23B00C9A656 /* Project object */ = {
			isa = PBXProject;
			attributes = {
				LastSwiftUpdateCheck = 1010;
				LastUpgradeCheck = 1010;
				ORGANIZATIONNAME = com.yfm.www;
				TargetAttributes = {
					36AE691921DDB23B00C9A656 = {
						CreatedOnToolsVersion = 10.1;
						LastSwiftMigration = 1010;
					};
					36AE692D21DDB23D00C9A656 = {
						CreatedOnToolsVersion = 10.1;
						TestTargetID = 36AE691921DDB23B00C9A656;
					};
					36AE693821DDB23D00C9A656 = {
						CreatedOnToolsVersion = 10.1;
						TestTargetID = 36AE691921DDB23B00C9A656;
					};
				};
			};
			buildConfigurationList = 36AE691521DDB23B00C9A656 /* Build configuration list for PBXProject "iGithub" */;
			compatibilityVersion = "Xcode 9.3";
			developmentRegion = en;
			hasScannedForEncodings = 0;
			knownRegions = (
				en,
				Base,
			);
			mainGroup = 36AE691121DDB23B00C9A656;
			productRefGroup = 36AE691B21DDB23B00C9A656 /* Products */;
			projectDirPath = "";
			projectRoot = "";
			targets = (
				36AE691921DDB23B00C9A656 /* iGithub */,
				36AE692D21DDB23D00C9A656 /* iGithubTests */,
				36AE693821DDB23D00C9A656 /* iGithubUITests */,
			);
		};
/* End PBXProject section */

/* Begin PBXResourcesBuildPhase section */
		36AE691821DDB23B00C9A656 /* Resources */ = {
			isa = PBXResourcesBuildPhase;
			buildActionMask = 2147483647;
			files = (
				36A3003B21EC72C3008D291D /* MeViewController.xib in Resources */,
				3697D85E21F073800066F0A1 /* FollowCell.xib in Resources */,
				36A3002C21EC2DC7008D291D /* LoginViewController.xib in Resources */,
				36AE692821DDB23D00C9A656 /* LaunchScreen.storyboard in Resources */,
				36AE692521DDB23D00C9A656 /* Assets.xcassets in Resources */,
				365DC7CF21EF063000213747 /* ProfileCell.xib in Resources */,
				8836180721E4F2C500715D80 /* PopularCell.xib in Resources */,
				3684610421E0594900AFF626 /* ActivityListCell.xib in Resources */,
				36417FA621E5CED8007D2DB3 /* SelectedView.xib in Resources */,
				36AE692321DDB23B00C9A656 /* Main.storyboard in Resources */,
				3676371D21EC91A1000C7C3F /* MeTableHeaderView.xib in Resources */,
				365DC7D921EF2DEE00213747 /* MeTableFooterView.xib in Resources */,
				3655EB8021E879AD0048DC99 /* TrendingCell.xib in Resources */,
			);
			runOnlyForDeploymentPostprocessing = 0;
		};
		36AE692C21DDB23D00C9A656 /* Resources */ = {
			isa = PBXResourcesBuildPhase;
			buildActionMask = 2147483647;
			files = (
			);
			runOnlyForDeploymentPostprocessing = 0;
		};
		36AE693721DDB23D00C9A656 /* Resources */ = {
			isa = PBXResourcesBuildPhase;
			buildActionMask = 2147483647;
			files = (
			);
			runOnlyForDeploymentPostprocessing = 0;
		};
/* End PBXResourcesBuildPhase section */

/* Begin PBXShellScriptBuildPhase section */
		13607664CF35CBF97EA171B0 /* [CP] Check Pods Manifest.lock */ = {
			isa = PBXShellScriptBuildPhase;
			buildActionMask = 2147483647;
			files = (
			);
			inputFileListPaths = (
			);
			inputPaths = (
				"${PODS_PODFILE_DIR_PATH}/Podfile.lock",
				"${PODS_ROOT}/Manifest.lock",
			);
			name = "[CP] Check Pods Manifest.lock";
			outputFileListPaths = (
			);
			outputPaths = (
				"$(DERIVED_FILE_DIR)/Pods-iGithub-checkManifestLockResult.txt",
			);
			runOnlyForDeploymentPostprocessing = 0;
			shellPath = /bin/sh;
			shellScript = "diff \"${PODS_PODFILE_DIR_PATH}/Podfile.lock\" \"${PODS_ROOT}/Manifest.lock\" > /dev/null\nif [ $? != 0 ] ; then\n    # print error to STDERR\n    echo \"error: The sandbox is not in sync with the Podfile.lock. Run 'pod install' or update your CocoaPods installation.\" >&2\n    exit 1\nfi\n# This output is used by Xcode 'outputs' to avoid re-running this script phase.\necho \"SUCCESS\" > \"${SCRIPT_OUTPUT_FILE_0}\"\n";
			showEnvVarsInLog = 0;
		};
		370F1EA0ABCDA64FCF6F1953 /* [CP] Check Pods Manifest.lock */ = {
			isa = PBXShellScriptBuildPhase;
			buildActionMask = 2147483647;
			files = (
			);
			inputFileListPaths = (
			);
			inputPaths = (
				"${PODS_PODFILE_DIR_PATH}/Podfile.lock",
				"${PODS_ROOT}/Manifest.lock",
			);
			name = "[CP] Check Pods Manifest.lock";
			outputFileListPaths = (
			);
			outputPaths = (
				"$(DERIVED_FILE_DIR)/Pods-iGithubUITests-checkManifestLockResult.txt",
			);
			runOnlyForDeploymentPostprocessing = 0;
			shellPath = /bin/sh;
			shellScript = "diff \"${PODS_PODFILE_DIR_PATH}/Podfile.lock\" \"${PODS_ROOT}/Manifest.lock\" > /dev/null\nif [ $? != 0 ] ; then\n    # print error to STDERR\n    echo \"error: The sandbox is not in sync with the Podfile.lock. Run 'pod install' or update your CocoaPods installation.\" >&2\n    exit 1\nfi\n# This output is used by Xcode 'outputs' to avoid re-running this script phase.\necho \"SUCCESS\" > \"${SCRIPT_OUTPUT_FILE_0}\"\n";
			showEnvVarsInLog = 0;
		};
		ACBC2CCED34013BD1CADD221 /* [CP] Embed Pods Frameworks */ = {
			isa = PBXShellScriptBuildPhase;
			buildActionMask = 2147483647;
			files = (
			);
			inputFileListPaths = (
			);
			inputPaths = (
				"${SRCROOT}/Pods/Target Support Files/Pods-iGithub/Pods-iGithub-frameworks.sh",
				"${BUILT_PRODUCTS_DIR}/Alamofire/Alamofire.framework",
				"${BUILT_PRODUCTS_DIR}/FDFullscreenPopGesture/FDFullscreenPopGesture.framework",
				"${BUILT_PRODUCTS_DIR}/HandyJSON/HandyJSON.framework",
				"${BUILT_PRODUCTS_DIR}/KafkaRefresh/KafkaRefresh.framework",
				"${BUILT_PRODUCTS_DIR}/Kingfisher/Kingfisher.framework",
				"${BUILT_PRODUCTS_DIR}/MBProgressHUD/MBProgressHUD.framework",
				"${BUILT_PRODUCTS_DIR}/Moya/Moya.framework",
				"${BUILT_PRODUCTS_DIR}/Result/Result.framework",
				"${BUILT_PRODUCTS_DIR}/RxAtomic/RxAtomic.framework",
				"${BUILT_PRODUCTS_DIR}/RxCocoa/RxCocoa.framework",
				"${BUILT_PRODUCTS_DIR}/RxSwift/RxSwift.framework",
				"${BUILT_PRODUCTS_DIR}/SnapKit/SnapKit.framework",
			);
			name = "[CP] Embed Pods Frameworks";
			outputFileListPaths = (
			);
			outputPaths = (
				"${TARGET_BUILD_DIR}/${FRAMEWORKS_FOLDER_PATH}/Alamofire.framework",
				"${TARGET_BUILD_DIR}/${FRAMEWORKS_FOLDER_PATH}/FDFullscreenPopGesture.framework",
				"${TARGET_BUILD_DIR}/${FRAMEWORKS_FOLDER_PATH}/HandyJSON.framework",
				"${TARGET_BUILD_DIR}/${FRAMEWORKS_FOLDER_PATH}/KafkaRefresh.framework",
				"${TARGET_BUILD_DIR}/${FRAMEWORKS_FOLDER_PATH}/Kingfisher.framework",
				"${TARGET_BUILD_DIR}/${FRAMEWORKS_FOLDER_PATH}/MBProgressHUD.framework",
				"${TARGET_BUILD_DIR}/${FRAMEWORKS_FOLDER_PATH}/Moya.framework",
				"${TARGET_BUILD_DIR}/${FRAMEWORKS_FOLDER_PATH}/Result.framework",
				"${TARGET_BUILD_DIR}/${FRAMEWORKS_FOLDER_PATH}/RxAtomic.framework",
				"${TARGET_BUILD_DIR}/${FRAMEWORKS_FOLDER_PATH}/RxCocoa.framework",
				"${TARGET_BUILD_DIR}/${FRAMEWORKS_FOLDER_PATH}/RxSwift.framework",
				"${TARGET_BUILD_DIR}/${FRAMEWORKS_FOLDER_PATH}/SnapKit.framework",
			);
			runOnlyForDeploymentPostprocessing = 0;
			shellPath = /bin/sh;
			shellScript = "\"${SRCROOT}/Pods/Target Support Files/Pods-iGithub/Pods-iGithub-frameworks.sh\"\n";
			showEnvVarsInLog = 0;
		};
		D99F0C69F4CA0D45958E9226 /* [CP] Check Pods Manifest.lock */ = {
			isa = PBXShellScriptBuildPhase;
			buildActionMask = 2147483647;
			files = (
			);
			inputFileListPaths = (
			);
			inputPaths = (
				"${PODS_PODFILE_DIR_PATH}/Podfile.lock",
				"${PODS_ROOT}/Manifest.lock",
			);
			name = "[CP] Check Pods Manifest.lock";
			outputFileListPaths = (
			);
			outputPaths = (
				"$(DERIVED_FILE_DIR)/Pods-iGithubTests-checkManifestLockResult.txt",
			);
			runOnlyForDeploymentPostprocessing = 0;
			shellPath = /bin/sh;
			shellScript = "diff \"${PODS_PODFILE_DIR_PATH}/Podfile.lock\" \"${PODS_ROOT}/Manifest.lock\" > /dev/null\nif [ $? != 0 ] ; then\n    # print error to STDERR\n    echo \"error: The sandbox is not in sync with the Podfile.lock. Run 'pod install' or update your CocoaPods installation.\" >&2\n    exit 1\nfi\n# This output is used by Xcode 'outputs' to avoid re-running this script phase.\necho \"SUCCESS\" > \"${SCRIPT_OUTPUT_FILE_0}\"\n";
			showEnvVarsInLog = 0;
		};
/* End PBXShellScriptBuildPhase section */

/* Begin PBXSourcesBuildPhase section */
		36AE691621DDB23B00C9A656 /* Sources */ = {
			isa = PBXSourcesBuildPhase;
			buildActionMask = 2147483647;
			files = (
				88C63BFD21DFAA4E0027FF47 /* MoyaResponse+HandyJSON.swift in Sources */,
				3684611221E0866200AFF626 /* UIView+Extension.swift in Sources */,
				364BAA6421F01CB900E5C676 /* MeReposViewModel.swift in Sources */,
				3697D86321F07D210066F0A1 /* FollowUser.swift in Sources */,
				3684610321E0594900AFF626 /* ActivityListCell.swift in Sources */,
				3697D86521F080310066F0A1 /* FollowersViewModel.swift in Sources */,
				3684611421E0872800AFF626 /* ActivityCellViewModel.swift in Sources */,
				8836180B21E4F2C500715D80 /* PopularViewModel.swift in Sources */,
				3697D86721F0846D0066F0A1 /* MeFollowersViewController.swift in Sources */,
				365DC7D721EF2DE000213747 /* MeTableFooterView.swift in Sources */,
				3697F32621E6E2FD00E2E7A5 /* IWebViewController.swift in Sources */,
				3655EB7F21E879AD0048DC99 /* TrendingCell.swift in Sources */,
				3697D86121F079FD0066F0A1 /* UIImageView+Kingfisher.swift in Sources */,
				368A5AFC21E367FA002B5F48 /* Date+Extension.swift in Sources */,
				88C63BF621DF9EC00027FF47 /* ActivityApi.swift in Sources */,
				36417FAA21E5FF4F007D2DB3 /* RepoViewController.swift in Sources */,
				3697D87421F175EB0066F0A1 /* AOP.swift in Sources */,
				8836180921E4F2C500715D80 /* Repo.swift in Sources */,
				3660B7FE21E7848800A83BF8 /* Constant.swift in Sources */,
				3697D86B21F0888C0066F0A1 /* FollowingViewModel.swift in Sources */,
				3684610921E0619900AFF626 /* UITableView+nib.swift in Sources */,
				368460FB21DF401900AFF626 /* Network.swift in Sources */,
				36A3002F21EC3652008D291D /* UserManager.swift in Sources */,
				8836180D21E4F3A500715D80 /* PopularItemViewModel.swift in Sources */,
				8836180A21E4F2C500715D80 /* HotViewController.swift in Sources */,
				3684610C21E081CA00AFF626 /* UIColor+Extension.swift in Sources */,
				36C9806821E8C3BA0022F2F8 /* TrendingRepo.swift in Sources */,
				3697D86D21F0895D0066F0A1 /* FollowUserViewModel.swift in Sources */,
				36A3003321EC36A3008D291D /* User.swift in Sources */,
				36A3003521EC3D2E008D291D /* AuthManager.swift in Sources */,
				88C63BF421DF9E410027FF47 /* ActivityViewModel.swift in Sources */,
				368E4F6621E744E100EAA132 /* TrendingViewController.swift in Sources */,
				36A3003721EC6E5B008D291D /* LoginViewModel.swift in Sources */,
				88C63BF921DFA30C0027FF47 /* Activity.swift in Sources */,
				36A0CC1421E47B3D00A63571 /* UIColor+UIHelper.swift in Sources */,
				36242BDC21E4B10200CBAE0A /* TDWDropDownMenu.swift in Sources */,
				36AE691E21DDB23B00C9A656 /* AppDelegate.swift in Sources */,
				36417FA421E5CEC3007D2DB3 /* SelectedView.swift in Sources */,
				8836180821E4F2C500715D80 /* PopularCell.swift in Sources */,
				36A3002621E8E645008D291D /* AuthApi.swift in Sources */,
				364BAA6021F01A3000E5C676 /* MeApi.swift in Sources */,
				36A3002B21EC2DC7008D291D /* LoginViewController.swift in Sources */,
				36C9806A21E8C8830022F2F8 /* TrendingViewModel.swift in Sources */,
				3697D87021F16B3F0066F0A1 /* UIWindow+Memory.swift in Sources */,
				36AE695521DDBEAA00C9A656 /* ActivityViewController.swift in Sources */,
				365DC7D521EF0B3900213747 /* ProfileItem.swift in Sources */,
				3697D85D21F073800066F0A1 /* FollowCell.swift in Sources */,
				3637745C21EDD74C00B7590C /* NSObject+AOP.swift in Sources */,
				36A3003A21EC72C3008D291D /* MeViewController.swift in Sources */,
				3697D87221F1709D0066F0A1 /* UIViewController+AOP.swift in Sources */,
				36A0CC1921E493B700A63571 /* HotApi.swift in Sources */,
				364BAA6221F01B1B00E5C676 /* MeReposViewController.swift in Sources */,
				368A5AF921E36789002B5F48 /* String+Extension.swift in Sources */,
				3676371B21EC916D000C7C3F /* MeTableHeaderView.swift in Sources */,
				368460FF21DF407B00AFF626 /* GithubTarget.swift in Sources */,
				3684610F21E0835900AFF626 /* Namespace.swift in Sources */,
				365DC7D221EF083A00213747 /* ProfileViewModel.swift in Sources */,
				3637745A21EDD55F00B7590C /* UINavigationController+AOP.swift in Sources */,
				3697D86921F0885A0066F0A1 /* MeFollowingViewController.swift in Sources */,
				3654BED821E2EDAA00694BAA /* UIImage+Round.swift in Sources */,
				368E4F6821E7450D00EAA132 /* PopularViewController.swift in Sources */,
				36AE695021DDB2B700C9A656 /* TabbarController.swift in Sources */,
				365DC7CE21EF063000213747 /* ProfileCell.swift in Sources */,
				368A5AFF21E44670002B5F48 /* NetworkLogPlugin.swift in Sources */,
				36C9806C21E8C8BE0022F2F8 /* TrendingCellViewModel.swift in Sources */,
				364BAA5E21EF33BA00E5C676 /* ProfileProtocol.swift in Sources */,
				3697D87621F185D40066F0A1 /* UIView+HUD.swift in Sources */,
			);
			runOnlyForDeploymentPostprocessing = 0;
		};
		36AE692A21DDB23D00C9A656 /* Sources */ = {
			isa = PBXSourcesBuildPhase;
			buildActionMask = 2147483647;
			files = (
				36AE693321DDB23D00C9A656 /* iGithubTests.swift in Sources */,
			);
			runOnlyForDeploymentPostprocessing = 0;
		};
		36AE693521DDB23D00C9A656 /* Sources */ = {
			isa = PBXSourcesBuildPhase;
			buildActionMask = 2147483647;
			files = (
				36AE693E21DDB23D00C9A656 /* iGithubUITests.swift in Sources */,
			);
			runOnlyForDeploymentPostprocessing = 0;
		};
/* End PBXSourcesBuildPhase section */

/* Begin PBXTargetDependency section */
		36AE693021DDB23D00C9A656 /* PBXTargetDependency */ = {
			isa = PBXTargetDependency;
			target = 36AE691921DDB23B00C9A656 /* iGithub */;
			targetProxy = 36AE692F21DDB23D00C9A656 /* PBXContainerItemProxy */;
		};
		36AE693B21DDB23D00C9A656 /* PBXTargetDependency */ = {
			isa = PBXTargetDependency;
			target = 36AE691921DDB23B00C9A656 /* iGithub */;
			targetProxy = 36AE693A21DDB23D00C9A656 /* PBXContainerItemProxy */;
		};
/* End PBXTargetDependency section */

/* Begin PBXVariantGroup section */
		36AE692121DDB23B00C9A656 /* Main.storyboard */ = {
			isa = PBXVariantGroup;
			children = (
				36AE692221DDB23B00C9A656 /* Base */,
			);
			name = Main.storyboard;
			sourceTree = "<group>";
		};
		36AE692621DDB23D00C9A656 /* LaunchScreen.storyboard */ = {
			isa = PBXVariantGroup;
			children = (
				36AE692721DDB23D00C9A656 /* Base */,
			);
			name = LaunchScreen.storyboard;
			sourceTree = "<group>";
		};
/* End PBXVariantGroup section */

/* Begin XCBuildConfiguration section */
		36AE694021DDB23D00C9A656 /* Debug */ = {
			isa = XCBuildConfiguration;
			buildSettings = {
				ALWAYS_SEARCH_USER_PATHS = NO;
				CLANG_ANALYZER_NONNULL = YES;
				CLANG_ANALYZER_NUMBER_OBJECT_CONVERSION = YES_AGGRESSIVE;
				CLANG_CXX_LANGUAGE_STANDARD = "gnu++14";
				CLANG_CXX_LIBRARY = "libc++";
				CLANG_ENABLE_MODULES = YES;
				CLANG_ENABLE_OBJC_ARC = YES;
				CLANG_ENABLE_OBJC_WEAK = YES;
				CLANG_WARN_BLOCK_CAPTURE_AUTORELEASING = YES;
				CLANG_WARN_BOOL_CONVERSION = YES;
				CLANG_WARN_COMMA = YES;
				CLANG_WARN_CONSTANT_CONVERSION = YES;
				CLANG_WARN_DEPRECATED_OBJC_IMPLEMENTATIONS = YES;
				CLANG_WARN_DIRECT_OBJC_ISA_USAGE = YES_ERROR;
				CLANG_WARN_DOCUMENTATION_COMMENTS = YES;
				CLANG_WARN_EMPTY_BODY = YES;
				CLANG_WARN_ENUM_CONVERSION = YES;
				CLANG_WARN_INFINITE_RECURSION = YES;
				CLANG_WARN_INT_CONVERSION = YES;
				CLANG_WARN_NON_LITERAL_NULL_CONVERSION = YES;
				CLANG_WARN_OBJC_IMPLICIT_RETAIN_SELF = YES;
				CLANG_WARN_OBJC_LITERAL_CONVERSION = YES;
				CLANG_WARN_OBJC_ROOT_CLASS = YES_ERROR;
				CLANG_WARN_RANGE_LOOP_ANALYSIS = YES;
				CLANG_WARN_STRICT_PROTOTYPES = YES;
				CLANG_WARN_SUSPICIOUS_MOVE = YES;
				CLANG_WARN_UNGUARDED_AVAILABILITY = YES_AGGRESSIVE;
				CLANG_WARN_UNREACHABLE_CODE = YES;
				CLANG_WARN__DUPLICATE_METHOD_MATCH = YES;
				CODE_SIGN_IDENTITY = "iPhone Developer";
				COPY_PHASE_STRIP = NO;
				DEBUG_INFORMATION_FORMAT = dwarf;
				ENABLE_STRICT_OBJC_MSGSEND = YES;
				ENABLE_TESTABILITY = YES;
				GCC_C_LANGUAGE_STANDARD = gnu11;
				GCC_DYNAMIC_NO_PIC = NO;
				GCC_NO_COMMON_BLOCKS = YES;
				GCC_OPTIMIZATION_LEVEL = 0;
				GCC_PREPROCESSOR_DEFINITIONS = (
					"DEBUG=1",
					"$(inherited)",
				);
				GCC_WARN_64_TO_32_BIT_CONVERSION = YES;
				GCC_WARN_ABOUT_RETURN_TYPE = YES_ERROR;
				GCC_WARN_UNDECLARED_SELECTOR = YES;
				GCC_WARN_UNINITIALIZED_AUTOS = YES_AGGRESSIVE;
				GCC_WARN_UNUSED_FUNCTION = YES;
				GCC_WARN_UNUSED_VARIABLE = YES;
				IPHONEOS_DEPLOYMENT_TARGET = 10.0;
				MTL_ENABLE_DEBUG_INFO = INCLUDE_SOURCE;
				MTL_FAST_MATH = YES;
				ONLY_ACTIVE_ARCH = YES;
				SDKROOT = iphoneos;
				SWIFT_ACTIVE_COMPILATION_CONDITIONS = DEBUG;
				SWIFT_OPTIMIZATION_LEVEL = "-Onone";
			};
			name = Debug;
		};
		36AE694121DDB23D00C9A656 /* Release */ = {
			isa = XCBuildConfiguration;
			buildSettings = {
				ALWAYS_SEARCH_USER_PATHS = NO;
				CLANG_ANALYZER_NONNULL = YES;
				CLANG_ANALYZER_NUMBER_OBJECT_CONVERSION = YES_AGGRESSIVE;
				CLANG_CXX_LANGUAGE_STANDARD = "gnu++14";
				CLANG_CXX_LIBRARY = "libc++";
				CLANG_ENABLE_MODULES = YES;
				CLANG_ENABLE_OBJC_ARC = YES;
				CLANG_ENABLE_OBJC_WEAK = YES;
				CLANG_WARN_BLOCK_CAPTURE_AUTORELEASING = YES;
				CLANG_WARN_BOOL_CONVERSION = YES;
				CLANG_WARN_COMMA = YES;
				CLANG_WARN_CONSTANT_CONVERSION = YES;
				CLANG_WARN_DEPRECATED_OBJC_IMPLEMENTATIONS = YES;
				CLANG_WARN_DIRECT_OBJC_ISA_USAGE = YES_ERROR;
				CLANG_WARN_DOCUMENTATION_COMMENTS = YES;
				CLANG_WARN_EMPTY_BODY = YES;
				CLANG_WARN_ENUM_CONVERSION = YES;
				CLANG_WARN_INFINITE_RECURSION = YES;
				CLANG_WARN_INT_CONVERSION = YES;
				CLANG_WARN_NON_LITERAL_NULL_CONVERSION = YES;
				CLANG_WARN_OBJC_IMPLICIT_RETAIN_SELF = YES;
				CLANG_WARN_OBJC_LITERAL_CONVERSION = YES;
				CLANG_WARN_OBJC_ROOT_CLASS = YES_ERROR;
				CLANG_WARN_RANGE_LOOP_ANALYSIS = YES;
				CLANG_WARN_STRICT_PROTOTYPES = YES;
				CLANG_WARN_SUSPICIOUS_MOVE = YES;
				CLANG_WARN_UNGUARDED_AVAILABILITY = YES_AGGRESSIVE;
				CLANG_WARN_UNREACHABLE_CODE = YES;
				CLANG_WARN__DUPLICATE_METHOD_MATCH = YES;
				CODE_SIGN_IDENTITY = "iPhone Developer";
				COPY_PHASE_STRIP = NO;
				DEBUG_INFORMATION_FORMAT = "dwarf-with-dsym";
				ENABLE_NS_ASSERTIONS = NO;
				ENABLE_STRICT_OBJC_MSGSEND = YES;
				GCC_C_LANGUAGE_STANDARD = gnu11;
				GCC_NO_COMMON_BLOCKS = YES;
				GCC_WARN_64_TO_32_BIT_CONVERSION = YES;
				GCC_WARN_ABOUT_RETURN_TYPE = YES_ERROR;
				GCC_WARN_UNDECLARED_SELECTOR = YES;
				GCC_WARN_UNINITIALIZED_AUTOS = YES_AGGRESSIVE;
				GCC_WARN_UNUSED_FUNCTION = YES;
				GCC_WARN_UNUSED_VARIABLE = YES;
				IPHONEOS_DEPLOYMENT_TARGET = 10.0;
				MTL_ENABLE_DEBUG_INFO = NO;
				MTL_FAST_MATH = YES;
				SDKROOT = iphoneos;
				SWIFT_COMPILATION_MODE = wholemodule;
				SWIFT_OPTIMIZATION_LEVEL = "-O";
				VALIDATE_PRODUCT = YES;
			};
			name = Release;
		};
		36AE694321DDB23D00C9A656 /* Debug */ = {
			isa = XCBuildConfiguration;
			baseConfigurationReference = A08C50957E6D3ED870615D9A /* Pods-iGithub.debug.xcconfig */;
			buildSettings = {
				ASSETCATALOG_COMPILER_APPICON_NAME = AppIcon;
				CLANG_ENABLE_MODULES = YES;
				CODE_SIGN_STYLE = Automatic;
				DEVELOPMENT_TEAM = 464SP5UW8T;
				INFOPLIST_FILE = "$(SRCROOT)/iGithub/SupportingFiles/Info.plist";
				IPHONEOS_DEPLOYMENT_TARGET = 10.0;
				LD_RUNPATH_SEARCH_PATHS = (
					"$(inherited)",
					"@executable_path/Frameworks",
				);
				PRODUCT_BUNDLE_IDENTIFIER = com.yfm.iGithub;
				PRODUCT_NAME = "$(TARGET_NAME)";
				SWIFT_OBJC_BRIDGING_HEADER = "iGithub/SupportingFiles/iGithub-Bridging-Header.h";
				SWIFT_OPTIMIZATION_LEVEL = "-Onone";
				SWIFT_VERSION = 4.2;
				TARGETED_DEVICE_FAMILY = "1,2";
			};
			name = Debug;
		};
		36AE694421DDB23D00C9A656 /* Release */ = {
			isa = XCBuildConfiguration;
			baseConfigurationReference = 88A6C0DA001F4697F72DAF49 /* Pods-iGithub.release.xcconfig */;
			buildSettings = {
				ASSETCATALOG_COMPILER_APPICON_NAME = AppIcon;
				CLANG_ENABLE_MODULES = YES;
				CODE_SIGN_STYLE = Automatic;
				DEVELOPMENT_TEAM = 464SP5UW8T;
				INFOPLIST_FILE = "$(SRCROOT)/iGithub/SupportingFiles/Info.plist";
				IPHONEOS_DEPLOYMENT_TARGET = 10.0;
				LD_RUNPATH_SEARCH_PATHS = (
					"$(inherited)",
					"@executable_path/Frameworks",
				);
				PRODUCT_BUNDLE_IDENTIFIER = com.yfm.iGithub;
				PRODUCT_NAME = "$(TARGET_NAME)";
				SWIFT_OBJC_BRIDGING_HEADER = "iGithub/SupportingFiles/iGithub-Bridging-Header.h";
				SWIFT_VERSION = 4.2;
				TARGETED_DEVICE_FAMILY = "1,2";
			};
			name = Release;
		};
		36AE694621DDB23D00C9A656 /* Debug */ = {
			isa = XCBuildConfiguration;
			baseConfigurationReference = B1B9CA7ECD98BB46811596AA /* Pods-iGithubTests.debug.xcconfig */;
			buildSettings = {
				ALWAYS_EMBED_SWIFT_STANDARD_LIBRARIES = YES;
				BUNDLE_LOADER = "$(TEST_HOST)";
				CODE_SIGN_STYLE = Automatic;
				DEVELOPMENT_TEAM = 464SP5UW8T;
				INFOPLIST_FILE = iGithubTests/Info.plist;
				LD_RUNPATH_SEARCH_PATHS = (
					"$(inherited)",
					"@executable_path/Frameworks",
					"@loader_path/Frameworks",
				);
				PRODUCT_BUNDLE_IDENTIFIER = com.yfm.iGithubTests;
				PRODUCT_NAME = "$(TARGET_NAME)";
				SWIFT_VERSION = 4.2;
				TARGETED_DEVICE_FAMILY = "1,2";
				TEST_HOST = "$(BUILT_PRODUCTS_DIR)/iGithub.app/iGithub";
			};
			name = Debug;
		};
		36AE694721DDB23D00C9A656 /* Release */ = {
			isa = XCBuildConfiguration;
			baseConfigurationReference = 8977E11485D0839BB44D523B /* Pods-iGithubTests.release.xcconfig */;
			buildSettings = {
				ALWAYS_EMBED_SWIFT_STANDARD_LIBRARIES = YES;
				BUNDLE_LOADER = "$(TEST_HOST)";
				CODE_SIGN_STYLE = Automatic;
				DEVELOPMENT_TEAM = 464SP5UW8T;
				INFOPLIST_FILE = iGithubTests/Info.plist;
				LD_RUNPATH_SEARCH_PATHS = (
					"$(inherited)",
					"@executable_path/Frameworks",
					"@loader_path/Frameworks",
				);
				PRODUCT_BUNDLE_IDENTIFIER = com.yfm.iGithubTests;
				PRODUCT_NAME = "$(TARGET_NAME)";
				SWIFT_VERSION = 4.2;
				TARGETED_DEVICE_FAMILY = "1,2";
				TEST_HOST = "$(BUILT_PRODUCTS_DIR)/iGithub.app/iGithub";
			};
			name = Release;
		};
		36AE694921DDB23D00C9A656 /* Debug */ = {
			isa = XCBuildConfiguration;
			baseConfigurationReference = 0DD8075AA15875B820E6AD22 /* Pods-iGithubUITests.debug.xcconfig */;
			buildSettings = {
				ALWAYS_EMBED_SWIFT_STANDARD_LIBRARIES = YES;
				CODE_SIGN_STYLE = Automatic;
				DEVELOPMENT_TEAM = 464SP5UW8T;
				INFOPLIST_FILE = iGithubUITests/Info.plist;
				LD_RUNPATH_SEARCH_PATHS = (
					"$(inherited)",
					"@executable_path/Frameworks",
					"@loader_path/Frameworks",
				);
				PRODUCT_BUNDLE_IDENTIFIER = com.yfm.iGithubUITests;
				PRODUCT_NAME = "$(TARGET_NAME)";
				SWIFT_VERSION = 4.2;
				TARGETED_DEVICE_FAMILY = "1,2";
				TEST_TARGET_NAME = iGithub;
			};
			name = Debug;
		};
		36AE694A21DDB23D00C9A656 /* Release */ = {
			isa = XCBuildConfiguration;
			baseConfigurationReference = 1E7C1E35B594284B1FDEFC16 /* Pods-iGithubUITests.release.xcconfig */;
			buildSettings = {
				ALWAYS_EMBED_SWIFT_STANDARD_LIBRARIES = YES;
				CODE_SIGN_STYLE = Automatic;
				DEVELOPMENT_TEAM = 464SP5UW8T;
				INFOPLIST_FILE = iGithubUITests/Info.plist;
				LD_RUNPATH_SEARCH_PATHS = (
					"$(inherited)",
					"@executable_path/Frameworks",
					"@loader_path/Frameworks",
				);
				PRODUCT_BUNDLE_IDENTIFIER = com.yfm.iGithubUITests;
				PRODUCT_NAME = "$(TARGET_NAME)";
				SWIFT_VERSION = 4.2;
				TARGETED_DEVICE_FAMILY = "1,2";
				TEST_TARGET_NAME = iGithub;
			};
			name = Release;
		};
/* End XCBuildConfiguration section */

/* Begin XCConfigurationList section */
		36AE691521DDB23B00C9A656 /* Build configuration list for PBXProject "iGithub" */ = {
			isa = XCConfigurationList;
			buildConfigurations = (
				36AE694021DDB23D00C9A656 /* Debug */,
				36AE694121DDB23D00C9A656 /* Release */,
			);
			defaultConfigurationIsVisible = 0;
			defaultConfigurationName = Release;
		};
		36AE694221DDB23D00C9A656 /* Build configuration list for PBXNativeTarget "iGithub" */ = {
			isa = XCConfigurationList;
			buildConfigurations = (
				36AE694321DDB23D00C9A656 /* Debug */,
				36AE694421DDB23D00C9A656 /* Release */,
			);
			defaultConfigurationIsVisible = 0;
			defaultConfigurationName = Release;
		};
		36AE694521DDB23D00C9A656 /* Build configuration list for PBXNativeTarget "iGithubTests" */ = {
			isa = XCConfigurationList;
			buildConfigurations = (
				36AE694621DDB23D00C9A656 /* Debug */,
				36AE694721DDB23D00C9A656 /* Release */,
			);
			defaultConfigurationIsVisible = 0;
			defaultConfigurationName = Release;
		};
		36AE694821DDB23D00C9A656 /* Build configuration list for PBXNativeTarget "iGithubUITests" */ = {
			isa = XCConfigurationList;
			buildConfigurations = (
				36AE694921DDB23D00C9A656 /* Debug */,
				36AE694A21DDB23D00C9A656 /* Release */,
			);
			defaultConfigurationIsVisible = 0;
			defaultConfigurationName = Release;
		};
/* End XCConfigurationList section */
	};
	rootObject = 36AE691221DDB23B00C9A656 /* Project object */;
}
